d9f3b17ddbbe1bba48917c3a679807b01c39c4a1ce776efdbdfbb7a1680e86e4  lib/tagged.cyr
d614ae2ff9261256a3e29068e400ac2f0342d3a7e5a4651aa9cef2399bafbbfa  lib/bayan.cyr
8a3e4378e75eefbf7e6d8d098449dbe909f9b9b80a2a72624adb250eb4335c09  lib/str.cyr
d5877d16113051fb95dae31717efc679c94b17a34667805b56e52a345bc48f8f  lib/freelist.cyr
28e06035578fbe26a2e7ab5c9935bc2f076a6c3be6827472720ffefbd72d8829  lib/sakshi.cyr
096eabc580c807f3e378fbe56058780a28cdf95b9c70b44672bca0a71cf969f6  lib/ct.cyr
58291642ada12d5df693b28db17609f90cc09e286d509d02dcc0c1e256f8b2ca  lib/agnosys.cyr
ff14f0d7999956754937f612c0aa60719c138f0967a81019cf99e08aae088087  lib/string.cyr
7b619c21305568511f23b1a5787e557a6634cc7e730aa58661eff821b157d197  lib/process.cyr
0d1dc162866327cdea376c2177090cfdfc4779227c15d2da0d04fffc058e738d  lib/alloc.cyr
868e774a69f65287a942ef9d76c7951ae1dd37923bde864df06cf290da6b7605  lib/sigil.cyr
150bb9efad587ae139d8df81d62c7578c8ab20d3c6964004908929657b597c12  lib/fmt.cyr
c9e220ca9bcb929cbc682e9b7eed7086b3b5a90474d562b600e137fde85eb7f0  lib/assert.cyr
619f0bce74b6b1ec0acf8ce3ed6839fe0a7c043bf16af6bae4e06f5e492af874  lib/args.cyr
0acf4d41d5dd77c3f9a41b35da84d2dec6531bd342ac3ebc1d6aa082d38aedca  lib/chrono.cyr
861dedc4d9c07fcf1e431551e469890953a1b02e321354585742c1ed281a9fcf  lib/syscalls.cyr
c84a1f596bcf2c7ac5c364bf49f06809834a8dd69ed6ebb03fcb2e4cfbea124a  lib/thread_local.cyr
1a8aa9ac6b49d89da233d478640db9c74c03892d063f9956c1413f39a5803f3d  lib/process_agnos.cyr
543be460c6d2a9922e47f4dafb4fae981802f74827b935d4ec9dadb35870cb43  lib/keccak.cyr
19bcb006802c5d158ce1b9e0090a07da7e4d1092236f9850c61ebcbf294021c4  lib/vec.cyr
87540ed1297b5e118b3611952be0eb474082a7204e92a8a0915f6e0eb89c53c1  lib/fs.cyr
d83d92e02960f1db7c636a05a12aa3a78e2c62e5d5e5ad9a196c07d3dd76ff2a  lib/io.cyr
724cb440922e89ff60c76eba23670eeee53b9d1f3ffdde31ebe2e2f9badda9ed  lib/slice.cyr
9fd6444e8cfcf7950837e955473adc5bab6d7bf4fa2c15f8ce2578360c4100eb  lib/hashmap.cyr
de4598e4862fdc8d02195688b9aacc91e888d5f6b85d9fac08f4b7af9daaca19  lib/random.cyr
7965be5a82ff91be4fbf3dae692c6d4cd5465f0ccaab602e5710cc706f8fbbd9  lib/process_win.cyr
